
Microsoft Visual Studio Solution File, Format Version 12.00
# Visual Studio Version 17
VisualStudioVersion = 17.5.33414.496
MinimumVisualStudioVersion = 10.0.40219.1
Project("{FAE04EC0-301F-11D3-BF4B-00C04F79EFBC}") = "HelloWorld", "HelloWorld\HelloWorld.csproj", "{506230D8-D9E8-4CC9-B475-CD20E09355BE}"
EndProject
Global
	GlobalSection(SolutionConfigurationPlatforms) = preSolution
		Debug|Any CPU = Debug|Any CPU
		Release|Any CPU = Release|Any CPU
	EndGlobalSection
	GlobalSection(ProjectConfigurationPlatforms) = postSolution
		{506230D8-D9E8-4CC9-B475-CD20E09355BE}.Debug|Any CPU.ActiveCfg = Debug|Any CPU
		{506230D8-D9E8-4CC9-B475-CD20E09355BE}.Debug|Any CPU.Build.0 = Debug|Any CPU
		{506230D8-D9E8-4CC9-B475-CD20E09355BE}.Release|Any CPU.ActiveCfg = Release|Any CPU
		{506230D8-D9E8-4CC9-B475-CD20E09355BE}.Release|Any CPU.Build.0 = Release|Any CPU
	EndGlobalSection
	GlobalSection(SolutionProperties) = preSolution
		HideSolutionNode = FALSE
	EndGlobalSection
	GlobalSection(ExtensibilityGlobals) = postSolution
		SolutionGuid = {EAE39328-FF8F-4125-B84F-5243D625070A}
	EndGlobalSection
EndGlobal
